
Microsoft Visual Studio Solution File, Format Version 12.00
# Visual Studio Version 17
VisualStudioVersion = 17.14.36414.22
MinimumVisualStudioVersion = 10.0.40219.1
Project("{FAE04EC0-301F-11D3-BF4B-00C04F79EFBC}") = "Bank-Account-Challenge", "Bank-Account-Challenge\Bank-Account-Challenge.csproj", "{F6027D1C-9B83-4831-9E04-14C474442ABC}"
EndProject
Project("{FAE04EC0-301F-11D3-BF4B-00C04F79EFBC}") = "Textbook-Problem-6-4", "Textbook-Problem-6-4\Textbook-Problem-6-4.csproj", "{4FC4E83A-697D-41F8-B601-D5BC4B706908}"
EndProject
Project("{FAE04EC0-301F-11D3-BF4B-00C04F79EFBC}") = "Textbook-Problem-7-10", "Textbook-Problem-7-10\Textbook-Problem-7-10.csproj", "{5A918631-1F16-4F83-8F36-EA70805AAE72}"
EndProject
Project("{FAE04EC0-301F-11D3-BF4B-00C04F79EFBC}") = "Textbook-Problem-8-3", "Textbook-Problem-8-3\Textbook-Problem-8-3.csproj", "{A7DD14F6-6DFE-4B00-AA79-0CC6F2C45D84}"
EndProject
Project("{FAE04EC0-301F-11D3-BF4B-00C04F79EFBC}") = "Textbook-Problem-8-4", "Textbook-Problem-8-4\Textbook-Problem-8-4.csproj", "{5F6A8ADA-ABB5-47DD-AF4A-6A195A1CC7A0}"
EndProject
Project("{FAE04EC0-301F-11D3-BF4B-00C04F79EFBC}") = "Textbook-Problem-8-5", "Textbook-Problem-8-5\Textbook-Problem-8-5.csproj", "{7A637B6E-953D-4D70-8037-B72FF4275269}"
EndProject
Project("{FAE04EC0-301F-11D3-BF4B-00C04F79EFBC}") = "Textbook-Problem-6-9", "Textbook-Problem-6-9\Textbook-Problem-6-9.csproj", "{C8EA6724-C7BA-C2DE-E528-A4EB1D16766D}"
EndProject
Project("{FAE04EC0-301F-11D3-BF4B-00C04F79EFBC}") = "Textbook-Problem-7-6", "Textbook-Problem-7-6\Textbook-Problem-7-6.csproj", "{6FEF5A74-DDBE-4363-420E-43028747E17A}"
EndProject
Project("{FAE04EC0-301F-11D3-BF4B-00C04F79EFBC}") = "Textbook-Problem-7-4", "Textbook-Problem-7-4\Textbook-Problem-7-4.csproj", "{59250505-C5F1-4EA6-BCA5-3D29A9B0C40B}"
EndProject
Global
	GlobalSection(SolutionConfigurationPlatforms) = preSolution
		Debug|Any CPU = Debug|Any CPU
		Release|Any CPU = Release|Any CPU
	EndGlobalSection
	GlobalSection(ProjectConfigurationPlatforms) = postSolution
		{F6027D1C-9B83-4831-9E04-14C474442ABC}.Debug|Any CPU.ActiveCfg = Debug|Any CPU
		{F6027D1C-9B83-4831-9E04-14C474442ABC}.Debug|Any CPU.Build.0 = Debug|Any CPU
		{F6027D1C-9B83-4831-9E04-14C474442ABC}.Release|Any CPU.ActiveCfg = Release|Any CPU
		{F6027D1C-9B83-4831-9E04-14C474442ABC}.Release|Any CPU.Build.0 = Release|Any CPU
		{4FC4E83A-697D-41F8-B601-D5BC4B706908}.Debug|Any CPU.ActiveCfg = Debug|Any CPU
		{4FC4E83A-697D-41F8-B601-D5BC4B706908}.Debug|Any CPU.Build.0 = Debug|Any CPU
		{4FC4E83A-697D-41F8-B601-D5BC4B706908}.Release|Any CPU.ActiveCfg = Release|Any CPU
		{4FC4E83A-697D-41F8-B601-D5BC4B706908}.Release|Any CPU.Build.0 = Release|Any CPU
		{5A918631-1F16-4F83-8F36-EA70805AAE72}.Debug|Any CPU.ActiveCfg = Debug|Any CPU
		{5A918631-1F16-4F83-8F36-EA70805AAE72}.Debug|Any CPU.Build.0 = Debug|Any CPU
		{5A918631-1F16-4F83-8F36-EA70805AAE72}.Release|Any CPU.ActiveCfg = Release|Any CPU
		{5A918631-1F16-4F83-8F36-EA70805AAE72}.Release|Any CPU.Build.0 = Release|Any CPU
		{A7DD14F6-6DFE-4B00-AA79-0CC6F2C45D84}.Debug|Any CPU.ActiveCfg = Debug|Any CPU
		{A7DD14F6-6DFE-4B00-AA79-0CC6F2C45D84}.Debug|Any CPU.Build.0 = Debug|Any CPU
		{A7DD14F6-6DFE-4B00-AA79-0CC6F2C45D84}.Release|Any CPU.ActiveCfg = Release|Any CPU
		{A7DD14F6-6DFE-4B00-AA79-0CC6F2C45D84}.Release|Any CPU.Build.0 = Release|Any CPU
		{5F6A8ADA-ABB5-47DD-AF4A-6A195A1CC7A0}.Debug|Any CPU.ActiveCfg = Debug|Any CPU
		{5F6A8ADA-ABB5-47DD-AF4A-6A195A1CC7A0}.Debug|Any CPU.Build.0 = Debug|Any CPU
		{5F6A8ADA-ABB5-47DD-AF4A-6A195A1CC7A0}.Release|Any CPU.ActiveCfg = Release|Any CPU
		{5F6A8ADA-ABB5-47DD-AF4A-6A195A1CC7A0}.Release|Any CPU.Build.0 = Release|Any CPU
		{7A637B6E-953D-4D70-8037-B72FF4275269}.Debug|Any CPU.ActiveCfg = Debug|Any CPU
		{7A637B6E-953D-4D70-8037-B72FF4275269}.Debug|Any CPU.Build.0 = Debug|Any CPU
		{7A637B6E-953D-4D70-8037-B72FF4275269}.Release|Any CPU.ActiveCfg = Release|Any CPU
		{7A637B6E-953D-4D70-8037-B72FF4275269}.Release|Any CPU.Build.0 = Release|Any CPU
		{C8EA6724-C7BA-C2DE-E528-A4EB1D16766D}.Debug|Any CPU.ActiveCfg = Debug|Any CPU
		{C8EA6724-C7BA-C2DE-E528-A4EB1D16766D}.Debug|Any CPU.Build.0 = Debug|Any CPU
		{C8EA6724-C7BA-C2DE-E528-A4EB1D16766D}.Release|Any CPU.ActiveCfg = Release|Any CPU
		{C8EA6724-C7BA-C2DE-E528-A4EB1D16766D}.Release|Any CPU.Build.0 = Release|Any CPU
		{6FEF5A74-DDBE-4363-420E-43028747E17A}.Debug|Any CPU.ActiveCfg = Debug|Any CPU
		{6FEF5A74-DDBE-4363-420E-43028747E17A}.Debug|Any CPU.Build.0 = Debug|Any CPU
		{6FEF5A74-DDBE-4363-420E-43028747E17A}.Release|Any CPU.ActiveCfg = Release|Any CPU
		{6FEF5A74-DDBE-4363-420E-43028747E17A}.Release|Any CPU.Build.0 = Release|Any CPU
		{59250505-C5F1-4EA6-BCA5-3D29A9B0C40B}.Debug|Any CPU.ActiveCfg = Debug|Any CPU
		{59250505-C5F1-4EA6-BCA5-3D29A9B0C40B}.Debug|Any CPU.Build.0 = Debug|Any CPU
		{59250505-C5F1-4EA6-BCA5-3D29A9B0C40B}.Release|Any CPU.ActiveCfg = Release|Any CPU
		{59250505-C5F1-4EA6-BCA5-3D29A9B0C40B}.Release|Any CPU.Build.0 = Release|Any CPU
	EndGlobalSection
	GlobalSection(SolutionProperties) = preSolution
		HideSolutionNode = FALSE
	EndGlobalSection
	GlobalSection(ExtensibilityGlobals) = postSolution
		SolutionGuid = {EBC2EE94-3897-476C-8DB4-691305C76617}
	EndGlobalSection
EndGlobal
